// !$*UTF8*$!
{
	archiveVersion = 1;
	classes = {
	};
	objectVersion = 51;
	objects = {

/* Begin PBXBuildFile section */
		16626D3B271773F100E9AA3D /* AppDelegate.swift in Sources */ = {isa = PBXBuildFile; fileRef = 16626D3A271773F100E9AA3D /* AppDelegate.swift */; };
		16626D3D271773F100E9AA3D /* SceneDelegate.swift in Sources */ = {isa = PBXBuildFile; fileRef = 16626D3C271773F100E9AA3D /* SceneDelegate.swift */; };
		16626D42271773F100E9AA3D /* Main.storyboard in Resources */ = {isa = PBXBuildFile; fileRef = 16626D40271773F100E9AA3D /* Main.storyboard */; };
		16626D44271773F600E9AA3D /* Assets.xcassets in Resources */ = {isa = PBXBuildFile; fileRef = 16626D43271773F600E9AA3D /* Assets.xcassets */; };
		16626D47271773F600E9AA3D /* LaunchScreen.storyboard in Resources */ = {isa = PBXBuildFile; fileRef = 16626D45271773F600E9AA3D /* LaunchScreen.storyboard */; };
		16626D52271773F700E9AA3D /* InstagramCloneTests.swift in Sources */ = {isa = PBXBuildFile; fileRef = 16626D51271773F700E9AA3D /* InstagramCloneTests.swift */; };
		16626D5D271773F700E9AA3D /* InstagramCloneUITests.swift in Sources */ = {isa = PBXBuildFile; fileRef = 16626D5C271773F700E9AA3D /* InstagramCloneUITests.swift */; };
		16626D6B27177E8B00E9AA3D /* LoginViewController.swift in Sources */ = {isa = PBXBuildFile; fileRef = 16626D6A27177E8B00E9AA3D /* LoginViewController.swift */; };
		16626D6D27177EA800E9AA3D /* FeedViewController.swift in Sources */ = {isa = PBXBuildFile; fileRef = 16626D6C27177EA800E9AA3D /* FeedViewController.swift */; };
		16626D702717B8A500E9AA3D /* CameraViewController.swift in Sources */ = {isa = PBXBuildFile; fileRef = 16626D6F2717B8A500E9AA3D /* CameraViewController.swift */; };
		16626D7B2717E9AA00E9AA3D /* PostCell.swift in Sources */ = {isa = PBXBuildFile; fileRef = 16626D7A2717E9AA00E9AA3D /* PostCell.swift */; };
		16626D7D271CCF4700E9AA3D /* Constants.swift in Sources */ = {isa = PBXBuildFile; fileRef = 16626D7C271CCF4700E9AA3D /* Constants.swift */; };
		5B6FCDC88387900C765CE32D /* Pods_InstagramClone.framework in Frameworks */ = {isa = PBXBuildFile; fileRef = 1E5DF4B838D77C07F0FC4B20 /* Pods_InstagramClone.framework */; };
		9B5668E7F76B7AF2E570DDB8 /* Pods_InstagramClone_InstagramCloneUITests.framework in Frameworks */ = {isa = PBXBuildFile; fileRef = E18A022FA4307EE7064AAC51 /* Pods_InstagramClone_InstagramCloneUITests.framework */; };
		AAFDF2D8357CF98DCF3B7C49 /* Pods_InstagramCloneTests.framework in Frameworks */ = {isa = PBXBuildFile; fileRef = 259DDAF9BD1713433C1F7B65 /* Pods_InstagramCloneTests.framework */; };
/* End PBXBuildFile section */

/* Begin PBXContainerItemProxy section */
		16626D4E271773F700E9AA3D /* PBXContainerItemProxy */ = {
			isa = PBXContainerItemProxy;
			containerPortal = 16626D2F271773F100E9AA3D /* Project object */;
			proxyType = 1;
			remoteGlobalIDString = 16626D36271773F100E9AA3D;
			remoteInfo = InstagramClone;
		};
		16626D59271773F700E9AA3D /* PBXContainerItemProxy */ = {
			isa = PBXContainerItemProxy;
			containerPortal = 16626D2F271773F100E9AA3D /* Project object */;
			proxyType = 1;
			remoteGlobalIDString = 16626D36271773F100E9AA3D;
			remoteInfo = InstagramClone;
		};
/* End PBXContainerItemProxy section */

/* Begin PBXFileReference section */
		16626D37271773F100E9AA3D /* InstagramClone.app */ = {isa = PBXFileReference; explicitFileType = wrapper.application; includeInIndex = 0; path = InstagramClone.app; sourceTree = BUILT_PRODUCTS_DIR; };
		16626D3A271773F100E9AA3D /* AppDelegate.swift */ = {isa = PBXFileReference; lastKnownFileType = sourcecode.swift; path = AppDelegate.swift; sourceTree = "<group>"; };
		16626D3C271773F100E9AA3D /* SceneDelegate.swift */ = {isa = PBXFileReference; lastKnownFileType = sourcecode.swift; path = SceneDelegate.swift; sourceTree = "<group>"; };
		16626D41271773F100E9AA3D /* Base */ = {isa = PBXFileReference; lastKnownFileType = file.storyboard; name = Base; path = Base.lproj/Main.storyboard; sourceTree = "<group>"; };
		16626D43271773F600E9AA3D /* Assets.xcassets */ = {isa = PBXFileReference; lastKnownFileType = folder.assetcatalog; path = Assets.xcassets; sourceTree = "<group>"; };
		16626D46271773F600E9AA3D /* Base */ = {isa = PBXFileReference; lastKnownFileType = file.storyboard; name = Base; path = Base.lproj/LaunchScreen.storyboard; sourceTree = "<group>"; };
		16626D48271773F600E9AA3D /* Info.plist */ = {isa = PBXFileReference; lastKnownFileType = text.plist.xml; path = Info.plist; sourceTree = "<group>"; };
		16626D4D271773F700E9AA3D /* InstagramCloneTests.xctest */ = {isa = PBXFileReference; explicitFileType = wrapper.cfbundle; includeInIndex = 0; path = InstagramCloneTests.xctest; sourceTree = BUILT_PRODUCTS_DIR; };
		16626D51271773F700E9AA3D /* InstagramCloneTests.swift */ = {isa = PBXFileReference; lastKnownFileType = sourcecode.swift; path = InstagramCloneTests.swift; sourceTree = "<group>"; };
		16626D53271773F700E9AA3D /* Info.plist */ = {isa = PBXFileReference; lastKnownFileType = text.plist.xml; path = Info.plist; sourceTree = "<group>"; };
		16626D58271773F700E9AA3D /* InstagramCloneUITests.xctest */ = {isa = PBXFileReference; explicitFileType = wrapper.cfbundle; includeInIndex = 0; path = InstagramCloneUITests.xctest; sourceTree = BUILT_PRODUCTS_DIR; };
		16626D5C271773F700E9AA3D /* InstagramCloneUITests.swift */ = {isa = PBXFileReference; lastKnownFileType = sourcecode.swift; path = InstagramCloneUITests.swift; sourceTree = "<group>"; };
		16626D5E271773F700E9AA3D /* Info.plist */ = {isa = PBXFileReference; lastKnownFileType = text.plist.xml; path = Info.plist; sourceTree = "<group>"; };
		16626D6A27177E8B00E9AA3D /* LoginViewController.swift */ = {isa = PBXFileReference; lastKnownFileType = sourcecode.swift; path = LoginViewController.swift; sourceTree = "<group>"; };
		16626D6C27177EA800E9AA3D /* FeedViewController.swift */ = {isa = PBXFileReference; lastKnownFileType = sourcecode.swift; path = FeedViewController.swift; sourceTree = "<group>"; };
		16626D6F2717B8A500E9AA3D /* CameraViewController.swift */ = {isa = PBXFileReference; lastKnownFileType = sourcecode.swift; path = CameraViewController.swift; sourceTree = "<group>"; };
		16626D7A2717E9AA00E9AA3D /* PostCell.swift */ = {isa = PBXFileReference; lastKnownFileType = sourcecode.swift; path = PostCell.swift; sourceTree = "<group>"; };
		16626D7C271CCF4700E9AA3D /* Constants.swift */ = {isa = PBXFileReference; lastKnownFileType = sourcecode.swift; path = Constants.swift; sourceTree = "<group>"; };
		1E5DF4B838D77C07F0FC4B20 /* Pods_InstagramClone.framework */ = {isa = PBXFileReference; explicitFileType = wrapper.framework; includeInIndex = 0; path = Pods_InstagramClone.framework; sourceTree = BUILT_PRODUCTS_DIR; };
		259DDAF9BD1713433C1F7B65 /* Pods_InstagramCloneTests.framework */ = {isa = PBXFileReference; explicitFileType = wrapper.framework; includeInIndex = 0; path = Pods_InstagramCloneTests.framework; sourceTree = BUILT_PRODUCTS_DIR; };
		51ACBCFC6C6F764651C9CC23 /* Pods-InstagramCloneTests.debug.xcconfig */ = {isa = PBXFileReference; includeInIndex = 1; lastKnownFileType = text.xcconfig; name = "Pods-InstagramCloneTests.debug.xcconfig"; path = "Target Support Files/Pods-InstagramCloneTests/Pods-InstagramCloneTests.debug.xcconfig"; sourceTree = "<group>"; };
		60EEB59AF99D5E49EB994DB9 /* Pods-InstagramClone.debug.xcconfig */ = {isa = PBXFileReference; includeInIndex = 1; lastKnownFileType = text.xcconfig; name = "Pods-InstagramClone.debug.xcconfig"; path = "Target Support Files/Pods-InstagramClone/Pods-InstagramClone.debug.xcconfig"; sourceTree = "<group>"; };
		695417E3DD771277AE6AE000 /* Pods-InstagramClone-InstagramCloneUITests.debug.xcconfig */ = {isa = PBXFileReference; includeInIndex = 1; lastKnownFileType = text.xcconfig; name = "Pods-InstagramClone-InstagramCloneUITests.debug.xcconfig"; path = "Target Support Files/Pods-InstagramClone-InstagramCloneUITests/Pods-InstagramClone-InstagramCloneUITests.debug.xcconfig"; sourceTree = "<group>"; };
		AC483A00B3A29366CB7A894B /* Pods-InstagramClone-InstagramCloneUITests.release.xcconfig */ = {isa = PBXFileReference; includeInIndex = 1; lastKnownFileType = text.xcconfig; name = "Pods-InstagramClone-InstagramCloneUITests.release.xcconfig"; path = "Target Support Files/Pods-InstagramClone-InstagramCloneUITests/Pods-InstagramClone-InstagramCloneUITests.release.xcconfig"; sourceTree = "<group>"; };
		B3BF1A615D2BC867FC797D28 /* Pods-InstagramClone.release.xcconfig */ = {isa = PBXFileReference; includeInIndex = 1; lastKnownFileType = text.xcconfig; name = "Pods-InstagramClone.release.xcconfig"; path = "Target Support Files/Pods-InstagramClone/Pods-InstagramClone.release.xcconfig"; sourceTree = "<group>"; };
		CACDEE6C8D9EE399E9F67511 /* Pods-InstagramCloneTests.release.xcconfig */ = {isa = PBXFileReference; includeInIndex = 1; lastKnownFileType = text.xcconfig; name = "Pods-InstagramCloneTests.release.xcconfig"; path = "Target Support Files/Pods-InstagramCloneTests/Pods-InstagramCloneTests.release.xcconfig"; sourceTree = "<group>"; };
		E18A022FA4307EE7064AAC51 /* Pods_InstagramClone_InstagramCloneUITests.framework */ = {isa = PBXFileReference; explicitFileType = wrapper.framework; includeInIndex = 0; path = Pods_InstagramClone_InstagramCloneUITests.framework; sourceTree = BUILT_PRODUCTS_DIR; };
/* End PBXFileReference section */

/* Begin PBXFrameworksBuildPhase section */
		16626D34271773F100E9AA3D /* Frameworks */ = {
			isa = PBXFrameworksBuildPhase;
			buildActionMask = 2147483647;
			files = (
				5B6FCDC88387900C765CE32D /* Pods_InstagramClone.framework in Frameworks */,
			);
			runOnlyForDeploymentPostprocessing = 0;
		};
		16626D4A271773F700E9AA3D /* Frameworks */ = {
			isa = PBXFrameworksBuildPhase;
			buildActionMask = 2147483647;
			files = (
				AAFDF2D8357CF98DCF3B7C49 /* Pods_InstagramCloneTests.framework in Frameworks */,
			);
			runOnlyForDeploymentPostprocessing = 0;
		};
		16626D55271773F700E9AA3D /* Frameworks */ = {
			isa = PBXFrameworksBuildPhase;
			buildActionMask = 2147483647;
			files = (
				9B5668E7F76B7AF2E570DDB8 /* Pods_InstagramClone_InstagramCloneUITests.framework in Frameworks */,
			);
			runOnlyForDeploymentPostprocessing = 0;
		};
/* End PBXFrameworksBuildPhase section */

/* Begin PBXGroup section */
		16626D2E271773F100E9AA3D = {
			isa = PBXGroup;
			children = (
				16626D39271773F100E9AA3D /* InstagramClone */,
				16626D50271773F700E9AA3D /* InstagramCloneTests */,
				16626D5B271773F700E9AA3D /* InstagramCloneUITests */,
				16626D38271773F100E9AA3D /* Products */,
				1BA11F8935A48E9F41113AE9 /* Pods */,
				25BBFB086679B323415A3AAC /* Frameworks */,
			);
			sourceTree = "<group>";
		};
		16626D38271773F100E9AA3D /* Products */ = {
			isa = PBXGroup;
			children = (
				16626D37271773F100E9AA3D /* InstagramClone.app */,
				16626D4D271773F700E9AA3D /* InstagramCloneTests.xctest */,
				16626D58271773F700E9AA3D /* InstagramCloneUITests.xctest */,
			);
			name = Products;
			sourceTree = "<group>";
		};
		16626D39271773F100E9AA3D /* InstagramClone */ = {
			isa = PBXGroup;
			children = (
				16626D3A271773F100E9AA3D /* AppDelegate.swift */,
				16626D7C271CCF4700E9AA3D /* Constants.swift */,
				16626D3C271773F100E9AA3D /* SceneDelegate.swift */,
				16626D40271773F100E9AA3D /* Main.storyboard */,
				16626D43271773F600E9AA3D /* Assets.xcassets */,
				16626D45271773F600E9AA3D /* LaunchScreen.storyboard */,
				16626D48271773F600E9AA3D /* Info.plist */,
				16626D6A27177E8B00E9AA3D /* LoginViewController.swift */,
				16626D6C27177EA800E9AA3D /* FeedViewController.swift */,
				16626D6F2717B8A500E9AA3D /* CameraViewController.swift */,
				16626D7A2717E9AA00E9AA3D /* PostCell.swift */,
			);
			path = InstagramClone;
			sourceTree = "<group>";
		};
		16626D50271773F700E9AA3D /* InstagramCloneTests */ = {
			isa = PBXGroup;
			children = (
				16626D51271773F700E9AA3D /* InstagramCloneTests.swift */,
				16626D53271773F700E9AA3D /* Info.plist */,
			);
			path = InstagramCloneTests;
			sourceTree = "<group>";
		};
		16626D5B271773F700E9AA3D /* InstagramCloneUITests */ = {
			isa = PBXGroup;
			children = (
				16626D5C271773F700E9AA3D /* InstagramCloneUITests.swift */,
				16626D5E271773F700E9AA3D /* Info.plist */,
			);
			path = InstagramCloneUITests;
			sourceTree = "<group>";
		};
		1BA11F8935A48E9F41113AE9 /* Pods */ = {
			isa = PBXGroup;
			children = (
				60EEB59AF99D5E49EB994DB9 /* Pods-InstagramClone.debug.xcconfig */,
				B3BF1A615D2BC867FC797D28 /* Pods-InstagramClone.release.xcconfig */,
				695417E3DD771277AE6AE000 /* Pods-InstagramClone-InstagramCloneUITests.debug.xcconfig */,
				AC483A00B3A29366CB7A894B /* Pods-InstagramClone-InstagramCloneUITests.release.xcconfig */,
				51ACBCFC6C6F764651C9CC23 /* Pods-InstagramCloneTests.debug.xcconfig */,
				CACDEE6C8D9EE399E9F67511 /* Pods-InstagramCloneTests.release.xcconfig */,
			);
			path = Pods;
			sourceTree = "<group>";
		};
		25BBFB086679B323415A3AAC /* Frameworks */ = {
			isa = PBXGroup;
			children = (
				1E5DF4B838D77C07F0FC4B20 /* Pods_InstagramClone.framework */,
				E18A022FA4307EE7064AAC51 /* Pods_InstagramClone_InstagramCloneUITests.framework */,
				259DDAF9BD1713433C1F7B65 /* Pods_InstagramCloneTests.framework */,
			);
			name = Frameworks;
			sourceTree = "<group>";
		};
/* End PBXGroup section */

/* Begin PBXNativeTarget section */
		16626D36271773F100E9AA3D /* InstagramClone */ = {
			isa = PBXNativeTarget;
			buildConfigurationList = 16626D61271773F700E9AA3D /* Build configuration list for PBXNativeTarget "InstagramClone" */;
			buildPhases = (
				FEE9224BB0A2E69463B9FA86 /* [CP] Check Pods Manifest.lock */,
				16626D33271773F100E9AA3D /* Sources */,
				16626D34271773F100E9AA3D /* Frameworks */,
				16626D35271773F100E9AA3D /* Resources */,
				ABF056E4A3563B1744132686 /* [CP] Embed Pods Frameworks */,
			);
			buildRules = (
			);
			dependencies = (
			);
			name = InstagramClone;
			productName = InstagramClone;
			productReference = 16626D37271773F100E9AA3D /* InstagramClone.app */;
			productType = "com.apple.product-type.application";
		};
		16626D4C271773F700E9AA3D /* InstagramCloneTests */ = {
			isa = PBXNativeTarget;
			buildConfigurationList = 16626D64271773F700E9AA3D /* Build configuration list for PBXNativeTarget "InstagramCloneTests" */;
			buildPhases = (
				52419CE852B939B75294EF41 /* [CP] Check Pods Manifest.lock */,
				16626D49271773F700E9AA3D /* Sources */,
				16626D4A271773F700E9AA3D /* Frameworks */,
				16626D4B271773F700E9AA3D /* Resources */,
			);
			buildRules = (
			);
			dependencies = (
				16626D4F271773F700E9AA3D /* PBXTargetDependency */,
			);
			name = InstagramCloneTests;
			productName = InstagramCloneTests;
			productReference = 16626D4D271773F700E9AA3D /* InstagramCloneTests.xctest */;
			productType = "com.apple.product-type.bundle.unit-test";
		};
		16626D57271773F700E9AA3D /* InstagramCloneUITests */ = {
			isa = PBXNativeTarget;
			buildConfigurationList = 16626D67271773F700E9AA3D /* Build configuration list for PBXNativeTarget "InstagramCloneUITests" */;
			buildPhases = (
				5320D9FD5794DDF985BD4386 /* [CP] Check Pods Manifest.lock */,
				16626D54271773F700E9AA3D /* Sources */,
				16626D55271773F700E9AA3D /* Frameworks */,
				16626D56271773F700E9AA3D /* Resources */,
				26CDAF1979102890E8BA1281 /* [CP] Embed Pods Frameworks */,
			);
			buildRules = (
			);
			dependencies = (
				16626D5A271773F700E9AA3D /* PBXTargetDependency */,
			);
			name = InstagramCloneUITests;
			productName = InstagramCloneUITests;
			productReference = 16626D58271773F700E9AA3D /* InstagramCloneUITests.xctest */;
			productType = "com.apple.product-type.bundle.ui-testing";
		};
/* End PBXNativeTarget section */

/* Begin PBXProject section */
		16626D2F271773F100E9AA3D /* Project object */ = {
			isa = PBXProject;
			attributes = {
				LastSwiftUpdateCheck = 1250;
				LastUpgradeCheck = 1250;
				TargetAttributes = {
					16626D36271773F100E9AA3D = {
						CreatedOnToolsVersion = 12.5.1;
					};
					16626D4C271773F700E9AA3D = {
						CreatedOnToolsVersion = 12.5.1;
						TestTargetID = 16626D36271773F100E9AA3D;
					};
					16626D57271773F700E9AA3D = {
						CreatedOnToolsVersion = 12.5.1;
						TestTargetID = 16626D36271773F100E9AA3D;
					};
				};
			};
			buildConfigurationList = 16626D32271773F100E9AA3D /* Build configuration list for PBXProject "InstagramClone" */;
			compatibilityVersion = "Xcode 9.3";
			developmentRegion = en;
			hasScannedForEncodings = 0;
			knownRegions = (
				en,
				Base,
			);
			mainGroup = 16626D2E271773F100E9AA3D;
			productRefGroup = 16626D38271773F100E9AA3D /* Products */;
			projectDirPath = "";
			projectRoot = "";
			targets = (
				16626D36271773F100E9AA3D /* InstagramClone */,
				16626D4C271773F700E9AA3D /* InstagramCloneTests */,
				16626D57271773F700E9AA3D /* InstagramCloneUITests */,
			);
		};
/* End PBXProject section */

/* Begin PBXResourcesBuildPhase section */
		16626D35271773F100E9AA3D /* Resources */ = {
			isa = PBXResourcesBuildPhase;
			buildActionMask = 2147483647;
			files = (
				16626D47271773F600E9AA3D /* LaunchScreen.storyboard in Resources */,
				16626D44271773F600E9AA3D /* Assets.xcassets in Resources */,
				16626D42271773F100E9AA3D /* Main.storyboard in Resources */,
			);
			runOnlyForDeploymentPostprocessing = 0;
		};
		16626D4B271773F700E9AA3D /* Resources */ = {
			isa = PBXResourcesBuildPhase;
			buildActionMask = 2147483647;
			files = (
			);
			runOnlyForDeploymentPostprocessing = 0;
		};
		16626D56271773F700E9AA3D /* Resources */ = {
			isa = PBXResourcesBuildPhase;
			buildActionMask = 2147483647;
			files = (
			);
			runOnlyForDeploymentPostprocessing = 0;
		};
/* End PBXResourcesBuildPhase section */

/* Begin PBXShellScriptBuildPhase section */
		26CDAF1979102890E8BA1281 /* [CP] Embed Pods Frameworks */ = {
			isa = PBXShellScriptBuildPhase;
			buildActionMask = 2147483647;
			files = (
			);
			inputFileListPaths = (
				"${PODS_ROOT}/Target Support Files/Pods-InstagramClone-InstagramCloneUITests/Pods-InstagramClone-InstagramCloneUITests-frameworks-${CONFIGURATION}-input-files.xcfilelist",
			);
			name = "[CP] Embed Pods Frameworks";
			outputFileListPaths = (
				"${PODS_ROOT}/Target Support Files/Pods-InstagramClone-InstagramCloneUITests/Pods-InstagramClone-InstagramCloneUITests-frameworks-${CONFIGURATION}-output-files.xcfilelist",
			);
			runOnlyForDeploymentPostprocessing = 0;
			shellPath = /bin/sh;
			shellScript = "\"${PODS_ROOT}/Target Support Files/Pods-InstagramClone-InstagramCloneUITests/Pods-InstagramClone-InstagramCloneUITests-frameworks.sh\"\n";
			showEnvVarsInLog = 0;
		};
		52419CE852B939B75294EF41 /* [CP] Check Pods Manifest.lock */ = {
			isa = PBXShellScriptBuildPhase;
			buildActionMask = 2147483647;
			files = (
			);
			inputFileListPaths = (
			);
			inputPaths = (
				"${PODS_PODFILE_DIR_PATH}/Podfile.lock",
				"${PODS_ROOT}/Manifest.lock",
			);
			name = "[CP] Check Pods Manifest.lock";
			outputFileListPaths = (
			);
			outputPaths = (
				"$(DERIVED_FILE_DIR)/Pods-InstagramCloneTests-checkManifestLockResult.txt",
			);
			runOnlyForDeploymentPostprocessing = 0;
			shellPath = /bin/sh;
			shellScript = "diff \"${PODS_PODFILE_DIR_PATH}/Podfile.lock\" \"${PODS_ROOT}/Manifest.lock\" > /dev/null\nif [ $? != 0 ] ; then\n    # print error to STDERR\n    echo \"error: The sandbox is not in sync with the Podfile.lock. Run 'pod install' or update your CocoaPods installation.\" >&2\n    exit 1\nfi\n# This output is used by Xcode 'outputs' to avoid re-running this script phase.\necho \"SUCCESS\" > \"${SCRIPT_OUTPUT_FILE_0}\"\n";
			showEnvVarsInLog = 0;
		};
		5320D9FD5794DDF985BD4386 /* [CP] Check Pods Manifest.lock */ = {
			isa = PBXShellScriptBuildPhase;
			buildActionMask = 2147483647;
			files = (
			);
			inputFileListPaths = (
			);
			inputPaths = (
				"${PODS_PODFILE_DIR_PATH}/Podfile.lock",
				"${PODS_ROOT}/Manifest.lock",
			);
			name = "[CP] Check Pods Manifest.lock";
			outputFileListPaths = (
			);
			outputPaths = (
				"$(DERIVED_FILE_DIR)/Pods-InstagramClone-InstagramCloneUITests-checkManifestLockResult.txt",
			);
			runOnlyForDeploymentPostprocessing = 0;
			shellPath = /bin/sh;
			shellScript = "diff \"${PODS_PODFILE_DIR_PATH}/Podfile.lock\" \"${PODS_ROOT}/Manifest.lock\" > /dev/null\nif [ $? != 0 ] ; then\n    # print error to STDERR\n    echo \"error: The sandbox is not in sync with the Podfile.lock. Run 'pod install' or update your CocoaPods installation.\" >&2\n    exit 1\nfi\n# This output is used by Xcode 'outputs' to avoid re-running this script phase.\necho \"SUCCESS\" > \"${SCRIPT_OUTPUT_FILE_0}\"\n";
			showEnvVarsInLog = 0;
		};
		ABF056E4A3563B1744132686 /* [CP] Embed Pods Frameworks */ = {
			isa = PBXShellScriptBuildPhase;
			buildActionMask = 2147483647;
			files = (
			);
			inputFileListPaths = (
				"${PODS_ROOT}/Target Support Files/Pods-InstagramClone/Pods-InstagramClone-frameworks-${CONFIGURATION}-input-files.xcfilelist",
			);
			name = "[CP] Embed Pods Frameworks";
			outputFileListPaths = (
				"${PODS_ROOT}/Target Support Files/Pods-InstagramClone/Pods-InstagramClone-frameworks-${CONFIGURATION}-output-files.xcfilelist",
			);
			runOnlyForDeploymentPostprocessing = 0;
			shellPath = /bin/sh;
			shellScript = "\"${PODS_ROOT}/Target Support Files/Pods-InstagramClone/Pods-InstagramClone-frameworks.sh\"\n";
			showEnvVarsInLog = 0;
		};
		FEE9224BB0A2E69463B9FA86 /* [CP] Check Pods Manifest.lock */ = {
			isa = PBXShellScriptBuildPhase;
			buildActionMask = 2147483647;
			files = (
			);
			inputFileListPaths = (
			);
			inputPaths = (
				"${PODS_PODFILE_DIR_PATH}/Podfile.lock",
				"${PODS_ROOT}/Manifest.lock",
			);
			name = "[CP] Check Pods Manifest.lock";
			outputFileListPaths = (
			);
			outputPaths = (
				"$(DERIVED_FILE_DIR)/Pods-InstagramClone-checkManifestLockResult.txt",
			);
			runOnlyForDeploymentPostprocessing = 0;
			shellPath = /bin/sh;
			shellScript = "diff \"${PODS_PODFILE_DIR_PATH}/Podfile.lock\" \"${PODS_ROOT}/Manifest.lock\" > /dev/null\nif [ $? != 0 ] ; then\n    # print error to STDERR\n    echo \"error: The sandbox is not in sync with the Podfile.lock. Run 'pod install' or update your CocoaPods installation.\" >&2\n    exit 1\nfi\n# This output is used by Xcode 'outputs' to avoid re-running this script phase.\necho \"SUCCESS\" > \"${SCRIPT_OUTPUT_FILE_0}\"\n";
			showEnvVarsInLog = 0;
		};
/* End PBXShellScriptBuildPhase section */

/* Begin PBXSourcesBuildPhase section */
		16626D33271773F100E9AA3D /* Sources */ = {
			isa = PBXSourcesBuildPhase;
			buildActionMask = 2147483647;
			files = (
				16626D6B27177E8B00E9AA3D /* LoginViewController.swift in Sources */,
				16626D702717B8A500E9AA3D /* CameraViewController.swift in Sources */,
				16626D3B271773F100E9AA3D /* AppDelegate.swift in Sources */,
				16626D6D27177EA800E9AA3D /* FeedViewController.swift in Sources */,
				16626D7D271CCF4700E9AA3D /* Constants.swift in Sources */,
				16626D3D271773F100E9AA3D /* SceneDelegate.swift in Sources */,
				16626D7B2717E9AA00E9AA3D /* PostCell.swift in Sources */,
			);
			runOnlyForDeploymentPostprocessing = 0;
		};
		16626D49271773F700E9AA3D /* Sources */ = {
			isa = PBXSourcesBuildPhase;
			buildActionMask = 2147483647;
			files = (
				16626D52271773F700E9AA3D /* InstagramCloneTests.swift in Sources */,
			);
			runOnlyForDeploymentPostprocessing = 0;
		};
		16626D54271773F700E9AA3D /* Sources */ = {
			isa = PBXSourcesBuildPhase;
			buildActionMask = 2147483647;
			files = (
				16626D5D271773F700E9AA3D /* InstagramCloneUITests.swift in Sources */,
			);
			runOnlyForDeploymentPostprocessing = 0;
		};
/* End PBXSourcesBuildPhase section */

/* Begin PBXTargetDependency section */
		16626D4F271773F700E9AA3D /* PBXTargetDependency */ = {
			isa = PBXTargetDependency;
			target = 16626D36271773F100E9AA3D /* InstagramClone */;
			targetProxy = 16626D4E271773F700E9AA3D /* PBXContainerItemProxy */;
		};
		16626D5A271773F700E9AA3D /* PBXTargetDependency */ = {
			isa = PBXTargetDependency;
			target = 16626D36271773F100E9AA3D /* InstagramClone */;
			targetProxy = 16626D59271773F700E9AA3D /* PBXContainerItemProxy */;
		};
/* End PBXTargetDependency section */

/* Begin PBXVariantGroup section */
		16626D40271773F100E9AA3D /* Main.storyboard */ = {
			isa = PBXVariantGroup;
			children = (
				16626D41271773F100E9AA3D /* Base */,
			);
			name = Main.storyboard;
			sourceTree = "<group>";
		};
		16626D45271773F600E9AA3D /* LaunchScreen.storyboard */ = {
			isa = PBXVariantGroup;
			children = (
				16626D46271773F600E9AA3D /* Base */,
			);
			name = LaunchScreen.storyboard;
			sourceTree = "<group>";
		};
/* End PBXVariantGroup section */

/* Begin XCBuildConfiguration section */
		16626D5F271773F700E9AA3D /* Debug */ = {
			isa = XCBuildConfiguration;
			buildSettings = {
				ALWAYS_SEARCH_USER_PATHS = NO;
				CLANG_ANALYZER_NONNULL = YES;
				CLANG_ANALYZER_NUMBER_OBJECT_CONVERSION = YES_AGGRESSIVE;
				CLANG_CXX_LANGUAGE_STANDARD = "gnu++14";
				CLANG_CXX_LIBRARY = "libc++";
				CLANG_ENABLE_MODULES = YES;
				CLANG_ENABLE_OBJC_ARC = YES;
				CLANG_ENABLE_OBJC_WEAK = YES;
				CLANG_WARN_BLOCK_CAPTURE_AUTORELEASING = YES;
				CLANG_WARN_BOOL_CONVERSION = YES;
				CLANG_WARN_COMMA = YES;
				CLANG_WARN_CONSTANT_CONVERSION = YES;
				CLANG_WARN_DEPRECATED_OBJC_IMPLEMENTATIONS = YES;
				CLANG_WARN_DIRECT_OBJC_ISA_USAGE = YES_ERROR;
				CLANG_WARN_DOCUMENTATION_COMMENTS = YES;
				CLANG_WARN_EMPTY_BODY = YES;
				CLANG_WARN_ENUM_CONVERSION = YES;
				CLANG_WARN_INFINITE_RECURSION = YES;
				CLANG_WARN_INT_CONVERSION = YES;
				CLANG_WARN_NON_LITERAL_NULL_CONVERSION = YES;
				CLANG_WARN_OBJC_IMPLICIT_RETAIN_SELF = YES;
				CLANG_WARN_OBJC_LITERAL_CONVERSION = YES;
				CLANG_WARN_OBJC_ROOT_CLASS = YES_ERROR;
				CLANG_WARN_QUOTED_INCLUDE_IN_FRAMEWORK_HEADER = YES;
				CLANG_WARN_RANGE_LOOP_ANALYSIS = YES;
				CLANG_WARN_STRICT_PROTOTYPES = YES;
				CLANG_WARN_SUSPICIOUS_MOVE = YES;
				CLANG_WARN_UNGUARDED_AVAILABILITY = YES_AGGRESSIVE;
				CLANG_WARN_UNREACHABLE_CODE = YES;
				CLANG_WARN__DUPLICATE_METHOD_MATCH = YES;
				COPY_PHASE_STRIP = NO;
				DEBUG_INFORMATION_FORMAT = dwarf;
				ENABLE_STRICT_OBJC_MSGSEND = YES;
				ENABLE_TESTABILITY = YES;
				GCC_C_LANGUAGE_STANDARD = gnu11;
				GCC_DYNAMIC_NO_PIC = NO;
				GCC_NO_COMMON_BLOCKS = YES;
				GCC_OPTIMIZATION_LEVEL = 0;
				GCC_PREPROCESSOR_DEFINITIONS = (
					"DEBUG=1",
					"$(inherited)",
				);
				GCC_WARN_64_TO_32_BIT_CONVERSION = YES;
				GCC_WARN_ABOUT_RETURN_TYPE = YES_ERROR;
				GCC_WARN_UNDECLARED_SELECTOR = YES;
				GCC_WARN_UNINITIALIZED_AUTOS = YES_AGGRESSIVE;
				GCC_WARN_UNUSED_FUNCTION = YES;
				GCC_WARN_UNUSED_VARIABLE = YES;
				IPHONEOS_DEPLOYMENT_TARGET = 14.5;
				MTL_ENABLE_DEBUG_INFO = INCLUDE_SOURCE;
				MTL_FAST_MATH = YES;
				ONLY_ACTIVE_ARCH = YES;
				SDKROOT = iphoneos;
				SWIFT_ACTIVE_COMPILATION_CONDITIONS = DEBUG;
				SWIFT_OPTIMIZATION_LEVEL = "-Onone";
			};
			name = Debug;
		};
		16626D60271773F700E9AA3D /* Release */ = {
			isa = XCBuildConfiguration;
			buildSettings = {
				ALWAYS_SEARCH_USER_PATHS = NO;
				CLANG_ANALYZER_NONNULL = YES;
				CLANG_ANALYZER_NUMBER_OBJECT_CONVERSION = YES_AGGRESSIVE;
				CLANG_CXX_LANGUAGE_STANDARD = "gnu++14";
				CLANG_CXX_LIBRARY = "libc++";
				CLANG_ENABLE_MODULES = YES;
				CLANG_ENABLE_OBJC_ARC = YES;
				CLANG_ENABLE_OBJC_WEAK = YES;
				CLANG_WARN_BLOCK_CAPTURE_AUTORELEASING = YES;
				CLANG_WARN_BOOL_CONVERSION = YES;
				CLANG_WARN_COMMA = YES;
				CLANG_WARN_CONSTANT_CONVERSION = YES;
				CLANG_WARN_DEPRECATED_OBJC_IMPLEMENTATIONS = YES;
				CLANG_WARN_DIRECT_OBJC_ISA_USAGE = YES_ERROR;
				CLANG_WARN_DOCUMENTATION_COMMENTS = YES;
				CLANG_WARN_EMPTY_BODY = YES;
				CLANG_WARN_ENUM_CONVERSION = YES;
				CLANG_WARN_INFINITE_RECURSION = YES;
				CLANG_WARN_INT_CONVERSION = YES;
				CLANG_WARN_NON_LITERAL_NULL_CONVERSION = YES;
				CLANG_WARN_OBJC_IMPLICIT_RETAIN_SELF = YES;
				CLANG_WARN_OBJC_LITERAL_CONVERSION = YES;
				CLANG_WARN_OBJC_ROOT_CLASS = YES_ERROR;
				CLANG_WARN_QUOTED_INCLUDE_IN_FRAMEWORK_HEADER = YES;
				CLANG_WARN_RANGE_LOOP_ANALYSIS = YES;
				CLANG_WARN_STRICT_PROTOTYPES = YES;
				CLANG_WARN_SUSPICIOUS_MOVE = YES;
				CLANG_WARN_UNGUARDED_AVAILABILITY = YES_AGGRESSIVE;
				CLANG_WARN_UNREACHABLE_CODE = YES;
				CLANG_WARN__DUPLICATE_METHOD_MATCH = YES;
				COPY_PHASE_STRIP = NO;
				DEBUG_INFORMATION_FORMAT = "dwarf-with-dsym";
				ENABLE_NS_ASSERTIONS = NO;
				ENABLE_STRICT_OBJC_MSGSEND = YES;
				GCC_C_LANGUAGE_STANDARD = gnu11;
				GCC_NO_COMMON_BLOCKS = YES;
				GCC_WARN_64_TO_32_BIT_CONVERSION = YES;
				GCC_WARN_ABOUT_RETURN_TYPE = YES_ERROR;
				GCC_WARN_UNDECLARED_SELECTOR = YES;
				GCC_WARN_UNINITIALIZED_AUTOS = YES_AGGRESSIVE;
				GCC_WARN_UNUSED_FUNCTION = YES;
				GCC_WARN_UNUSED_VARIABLE = YES;
				IPHONEOS_DEPLOYMENT_TARGET = 14.5;
				MTL_ENABLE_DEBUG_INFO = NO;
				MTL_FAST_MATH = YES;
				SDKROOT = iphoneos;
				SWIFT_COMPILATION_MODE = wholemodule;
				SWIFT_OPTIMIZATION_LEVEL = "-O";
				VALIDATE_PRODUCT = YES;
			};
			name = Release;
		};
		16626D62271773F700E9AA3D /* Debug */ = {
			isa = XCBuildConfiguration;
			baseConfigurationReference = 60EEB59AF99D5E49EB994DB9 /* Pods-InstagramClone.debug.xcconfig */;
			buildSettings = {
				ASSETCATALOG_COMPILER_APPICON_NAME = AppIcon;
				ASSETCATALOG_COMPILER_GLOBAL_ACCENT_COLOR_NAME = AccentColor;
				CODE_SIGN_STYLE = Automatic;
				DEVELOPMENT_TEAM = GB9Z4K6QNL;
				INFOPLIST_FILE = InstagramClone/Info.plist;
				LD_RUNPATH_SEARCH_PATHS = (
					"$(inherited)",
					"@executable_path/Frameworks",
				);
				PRODUCT_BUNDLE_IDENTIFIER = "jlfeigenheimer-gmail.com.InstagramClone";
				PRODUCT_NAME = "$(TARGET_NAME)";
				SWIFT_VERSION = 5.0;
				TARGETED_DEVICE_FAMILY = "1,2";
			};
			name = Debug;
		};
		16626D63271773F700E9AA3D /* Release */ = {
			isa = XCBuildConfiguration;
			baseConfigurationReference = B3BF1A615D2BC867FC797D28 /* Pods-InstagramClone.release.xcconfig */;
			buildSettings = {
				ASSETCATALOG_COMPILER_APPICON_NAME = AppIcon;
				ASSETCATALOG_COMPILER_GLOBAL_ACCENT_COLOR_NAME = AccentColor;
				CODE_SIGN_STYLE = Automatic;
				DEVELOPMENT_TEAM = GB9Z4K6QNL;
				INFOPLIST_FILE = InstagramClone/Info.plist;
				LD_RUNPATH_SEARCH_PATHS = (
					"$(inherited)",
					"@executable_path/Frameworks",
				);
				PRODUCT_BUNDLE_IDENTIFIER = "jlfeigenheimer-gmail.com.InstagramClone";
				PRODUCT_NAME = "$(TARGET_NAME)";
				SWIFT_VERSION = 5.0;
				TARGETED_DEVICE_FAMILY = "1,2";
			};
			name = Release;
		};
		16626D65271773F700E9AA3D /* Debug */ = {
			isa = XCBuildConfiguration;
			baseConfigurationReference = 51ACBCFC6C6F764651C9CC23 /* Pods-InstagramCloneTests.debug.xcconfig */;
			buildSettings = {
				ALWAYS_EMBED_SWIFT_STANDARD_LIBRARIES = YES;
				BUNDLE_LOADER = "$(TEST_HOST)";
				CODE_SIGN_STYLE = Automatic;
				INFOPLIST_FILE = InstagramCloneTests/Info.plist;
				IPHONEOS_DEPLOYMENT_TARGET = 14.5;
				LD_RUNPATH_SEARCH_PATHS = (
					"$(inherited)",
					"@executable_path/Frameworks",
					"@loader_path/Frameworks",
				);
				PRODUCT_BUNDLE_IDENTIFIER = "jlfeigenheimer-gmail.com.InstagramCloneTests";
				PRODUCT_NAME = "$(TARGET_NAME)";
				SWIFT_VERSION = 5.0;
				TARGETED_DEVICE_FAMILY = "1,2";
				TEST_HOST = "$(BUILT_PRODUCTS_DIR)/InstagramClone.app/InstagramClone";
			};
			name = Debug;
		};
		16626D66271773F700E9AA3D /* Release */ = {
			isa = XCBuildConfiguration;
			baseConfigurationReference = CACDEE6C8D9EE399E9F67511 /* Pods-InstagramCloneTests.release.xcconfig */;
			buildSettings = {
				ALWAYS_EMBED_SWIFT_STANDARD_LIBRARIES = YES;
				BUNDLE_LOADER = "$(TEST_HOST)";
				CODE_SIGN_STYLE = Automatic;
				INFOPLIST_FILE = InstagramCloneTests/Info.plist;
				IPHONEOS_DEPLOYMENT_TARGET = 14.5;
				LD_RUNPATH_SEARCH_PATHS = (
					"$(inherited)",
					"@executable_path/Frameworks",
					"@loader_path/Frameworks",
				);
				PRODUCT_BUNDLE_IDENTIFIER = "jlfeigenheimer-gmail.com.InstagramCloneTests";
				PRODUCT_NAME = "$(TARGET_NAME)";
				SWIFT_VERSION = 5.0;
				TARGETED_DEVICE_FAMILY = "1,2";
				TEST_HOST = "$(BUILT_PRODUCTS_DIR)/InstagramClone.app/InstagramClone";
			};
			name = Release;
		};
		16626D68271773F700E9AA3D /* Debug */ = {
			isa = XCBuildConfiguration;
			baseConfigurationReference = 695417E3DD771277AE6AE000 /* Pods-InstagramClone-InstagramCloneUITests.debug.xcconfig */;
			buildSettings = {
				ALWAYS_EMBED_SWIFT_STANDARD_LIBRARIES = YES;
				CODE_SIGN_STYLE = Automatic;
				INFOPLIST_FILE = InstagramCloneUITests/Info.plist;
				LD_RUNPATH_SEARCH_PATHS = (
					"$(inherited)",
					"@executable_path/Frameworks",
					"@loader_path/Frameworks",
				);
				PRODUCT_BUNDLE_IDENTIFIER = "jlfeigenheimer-gmail.com.InstagramCloneUITests";
				PRODUCT_NAME = "$(TARGET_NAME)";
				SWIFT_VERSION = 5.0;
				TARGETED_DEVICE_FAMILY = "1,2";
				TEST_TARGET_NAME = InstagramClone;
			};
			name = Debug;
		};
		16626D69271773F700E9AA3D /* Release */ = {
			isa = XCBuildConfiguration;
			baseConfigurationReference = AC483A00B3A29366CB7A894B /* Pods-InstagramClone-InstagramCloneUITests.release.xcconfig */;
			buildSettings = {
				ALWAYS_EMBED_SWIFT_STANDARD_LIBRARIES = YES;
				CODE_SIGN_STYLE = Automatic;
				INFOPLIST_FILE = InstagramCloneUITests/Info.plist;
				LD_RUNPATH_SEARCH_PATHS = (
					"$(inherited)",
					"@executable_path/Frameworks",
					"@loader_path/Frameworks",
				);
				PRODUCT_BUNDLE_IDENTIFIER = "jlfeigenheimer-gmail.com.InstagramCloneUITests";
				PRODUCT_NAME = "$(TARGET_NAME)";
				SWIFT_VERSION = 5.0;
				TARGETED_DEVICE_FAMILY = "1,2";
				TEST_TARGET_NAME = InstagramClone;
			};
			name = Release;
		};
/* End XCBuildConfiguration section */

/* Begin XCConfigurationList section */
		16626D32271773F100E9AA3D /* Build configuration list for PBXProject "InstagramClone" */ = {
			isa = XCConfigurationList;
			buildConfigurations = (
				16626D5F271773F700E9AA3D /* Debug */,
				16626D60271773F700E9AA3D /* Release */,
			);
			defaultConfigurationIsVisible = 0;
			defaultConfigurationName = Release;
		};
		16626D61271773F700E9AA3D /* Build configuration list for PBXNativeTarget "InstagramClone" */ = {
			isa = XCConfigurationList;
			buildConfigurations = (
				16626D62271773F700E9AA3D /* Debug */,
				16626D63271773F700E9AA3D /* Release */,
			);
			defaultConfigurationIsVisible = 0;
			defaultConfigurationName = Release;
		};
		16626D64271773F700E9AA3D /* Build configuration list for PBXNativeTarget "InstagramCloneTests" */ = {
			isa = XCConfigurationList;
			buildConfigurations = (
				16626D65271773F700E9AA3D /* Debug */,
				16626D66271773F700E9AA3D /* Release */,
			);
			defaultConfigurationIsVisible = 0;
			defaultConfigurationName = Release;
		};
		16626D67271773F700E9AA3D /* Build configuration list for PBXNativeTarget "InstagramCloneUITests" */ = {
			isa = XCConfigurationList;
			buildConfigurations = (
				16626D68271773F700E9AA3D /* Debug */,
				16626D69271773F700E9AA3D /* Release */,
			);
			defaultConfigurationIsVisible = 0;
			defaultConfigurationName = Release;
		};
/* End XCConfigurationList section */
	};
	rootObject = 16626D2F271773F100E9AA3D /* Project object */;
}
